
Microsoft Visual Studio Solution File, Format Version 12.00
# Visual Studio Version 16
VisualStudioVersion = 16.0.30611.23
MinimumVisualStudioVersion = 10.0.40219.1
Project("{FAE04EC0-301F-11D3-BF4B-00C04F79EFBC}") = "ZooProjectManager", "ZooProjectManager\ZooProjectManager.csproj", "{DE38FC60-DAE5-4338-BBFD-2E2E11925AF4}"
EndProject
Global
	GlobalSection(SolutionConfigurationPlatforms) = preSolution
		Debug|Any CPU = Debug|Any CPU
		Release|Any CPU = Release|Any CPU
	EndGlobalSection
	GlobalSection(ProjectConfigurationPlatforms) = postSolution
		{DE38FC60-DAE5-4338-BBFD-2E2E11925AF4}.Debug|Any CPU.ActiveCfg = Debug|Any CPU
		{DE38FC60-DAE5-4338-BBFD-2E2E11925AF4}.Debug|Any CPU.Build.0 = Debug|Any CPU
		{DE38FC60-DAE5-4338-BBFD-2E2E11925AF4}.Release|Any CPU.ActiveCfg = Release|Any CPU
		{DE38FC60-DAE5-4338-BBFD-2E2E11925AF4}.Release|Any CPU.Build.0 = Release|Any CPU
	EndGlobalSection
	GlobalSection(SolutionProperties) = preSolution
		HideSolutionNode = FALSE
	EndGlobalSection
	GlobalSection(ExtensibilityGlobals) = postSolution
		SolutionGuid = {25219EEF-40CD-4558-BDAA-9B11D001AE61}
	EndGlobalSection
EndGlobal
